version = 1
revision = 3
requires-python = ">=3.11"

[[package]]
name = "colorama"
version = "0.4.6"
source = { registry = "https://pypi.org/simple" }
sdist = { url = "https://files.pythonhosted.org/packages/d8/53/6f443c9a4a8358a93a6792e2acffb9d9d5cb0a5cfd8802644b7b1c9a02e4/colorama-0.4.6.tar.gz", hash = "sha256:08695f5cb7ed6e0531a20572697297273c47b8cae5a63ffc6d6ed5c201be6e44", size = 27697, upload-time = "2022-10-25T02:36:22.414Z" }
wheels = [
    { url = "https://files.pythonhosted.org/packages/d1/d6/3965ed04c63042e047cb6a3e6ed1a63a35087b6a609aa3a15ed8ac56c221/colorama-0.4.6-py2.py3-none-any.whl", hash = "sha256:4f1d9991f5acc0ca119f9d443620b77f9d6b33703e51011c16baf57afb285fc6", size = 25335, upload-time = "2022-10-25T02:36:20.889Z" },
]

[[package]]
name = "iniconfig"
version = "2.3.0"
source = { registry = "https://pypi.org/simple" }
sdist = { url = "https://files.pythonhosted.org/packages/72/34/14ca021ce8e5dfedc35312d08ba8bf51fdd999c576889fc2c24cb97f4f10/iniconfig-2.3.0.tar.gz", hash = "sha256:c76315c77db068650d49c5b56314774a7804df16fee4402c1f19d6d15d8c4730", size = 20503, upload-time = "2025-10-18T21:55:43.219Z" }
wheels = [
    { url = "https://files.pythonhosted.org/packages/cb/b1/3846dd7f199d53cb17f49cba7e651e9ce294d8497c8c150530ed11865bb8/iniconfig-2.3.0-py3-none-any.whl", hash = "sha256:f631c04d2c48c52b84d0d0549c99ff3859c98df65b3101406327ecc7d53fbf12", size = 7484, upload-time = "2025-10-18T21:55:41.639Z" },
]

[[package]]
name = "numpy"
version = "1.26.4"
source = { registry = "https://pypi.org/simple" }
sdist = { url = "https://files.pythonhosted.org/packages/65/6e/09db70a523a96d25e115e71cc56a6f9031e7b8cd166c1ac8438307c14058/numpy-1.26.4.tar.gz", hash = "sha256:2a02aba9ed12e4ac4eb3ea9421c420301a0c6460d9830d74a9df87efa4912010", size = 15786129, upload-time = "2024-02-06T00:26:44.495Z" }
wheels = [
    { url = "https://files.pythonhosted.org/packages/11/57/baae43d14fe163fa0e4c47f307b6b2511ab8d7d30177c491960504252053/numpy-1.26.4-cp311-cp311-macosx_10_9_x86_64.whl", hash = "sha256:4c66707fabe114439db9068ee468c26bbdf909cac0fb58686a42a24de1760c71", size = 20630554, upload-time = "2024-02-05T23:51:50.149Z" },
    { url = "https://files.pythonhosted.org/packages/1a/2e/151484f49fd03944c4a3ad9c418ed193cfd02724e138ac8a9505d056c582/numpy-1.26.4-cp311-cp311-macosx_11_0_arm64.whl", hash = "sha256:edd8b5fe47dab091176d21bb6de568acdd906d1887a4584a15a9a96a1dca06ef", size = 13997127, upload-time = "2024-02-05T23:52:15.314Z" },
    { url = "https://files.pythonhosted.org/packages/79/ae/7e5b85136806f9dadf4878bf73cf223fe5c2636818ba3ab1c585d0403164/numpy-1.26.4-cp311-cp311-manylinux_2_17_aarch64.manylinux2014_aarch64.whl", hash = "sha256:7ab55401287bfec946ced39700c053796e7cc0e3acbef09993a9ad2adba6ca6e", size = 14222994, upload-time = "2024-02-05T23:52:47.569Z" },
    { url = "https://files.pythonhosted.org/packages/3a/d0/edc009c27b406c4f9cbc79274d6e46d634d139075492ad055e3d68445925/numpy-1.26.4-cp311-cp311-manylinux_2_17_x86_64.manylinux2014_x86_64.whl", hash = "sha256:666dbfb6ec68962c033a450943ded891bed2d54e6755e35e5835d63f4f6931d5", size = 18252005, upload-time = "2024-02-05T23:53:15.637Z" },
    { url = "https://files.pythonhosted.org/packages/09/bf/2b1aaf8f525f2923ff6cfcf134ae5e750e279ac65ebf386c75a0cf6da06a/numpy-1.26.4-cp311-cp311-musllinux_1_1_aarch64.whl", hash = "sha256:96ff0b2ad353d8f990b63294c8986f1ec3cb19d749234014f4e7eb0112ceba5a", size = 13885297, upload-time = "2024-02-05T23:53:42.16Z" },
    { url = "https://files.pythonhosted.org/packages/df/a0/4e0f14d847cfc2a633a1c8621d00724f3206cfeddeb66d35698c4e2cf3d2/numpy-1.26.4-cp311-cp311-musllinux_1_1_x86_64.whl", hash = "sha256:60dedbb91afcbfdc9bc0b1f3f402804070deed7392c23eb7a7f07fa857868e8a", size = 18093567, upload-time = "2024-02-05T23:54:11.696Z" },
    { url = "https://files.pythonhosted.org/packages/d2/b7/a734c733286e10a7f1a8ad1ae8c90f2d33bf604a96548e0a4a3a6739b468/numpy-1.26.4-cp311-cp311-win32.whl", hash = "sha256:1af303d6b2210eb850fcf03064d364652b7120803a0b872f5211f5234b399f20", size = 5968812, upload-time = "2024-02-05T23:54:26.453Z" },
    { url = "https://files.pythonhosted.org/packages/3f/6b/5610004206cf7f8e7ad91c5a85a8c71b2f2f8051a0c0c4d5916b76d6cbb2/numpy-1.26.4-cp311-cp311-win_amd64.whl", hash = "sha256:cd25bcecc4974d09257ffcd1f098ee778f7834c3ad767fe5db785be9a4aa9cb2", size = 15811913, upload-time = "2024-02-05T23:54:53.933Z" },
    { url = "https://files.pythonhosted.org/packages/95/12/8f2020a8e8b8383ac0177dc9570aad031a3beb12e38847f7129bacd96228/numpy-1.26.4-cp312-cp312-macosx_10_9_x86_64.whl", hash = "sha256:b3ce300f3644fb06443ee2222c2201dd3a89ea6040541412b8fa189341847218", size = 20335901, upload-time = "2024-02-05T23:55:32.801Z" },
    { url = "https://files.pythonhosted.org/packages/75/5b/ca6c8bd14007e5ca171c7c03102d17b4f4e0ceb53957e8c44343a9546dcc/numpy-1.26.4-cp312-cp312-macosx_11_0_arm64.whl", hash = "sha256:03a8c78d01d9781b28a6989f6fa1bb2c4f2d51201cf99d3dd875df6fbd96b23b", size = 13685868, upload-time = "2024-02-05T23:55:56.28Z" },
    { url = "https://files.pythonhosted.org/packages/79/f8/97f10e6755e2a7d027ca783f63044d5b1bc1ae7acb12afe6a9b4286eac17/numpy-1.26.4-cp312-cp312-manylinux_2_17_aarch64.manylinux2014_aarch64.whl", hash = "sha256:9fad7dcb1aac3c7f0584a5a8133e3a43eeb2fe127f47e3632d43d677c66c102b", size = 13925109, upload-time = "2024-02-05T23:56:20.368Z" },
    { url = "https://files.pythonhosted.org/packages/0f/50/de23fde84e45f5c4fda2488c759b69990fd4512387a8632860f3ac9cd225/numpy-1.26.4-cp312-cp312-manylinux_2_17_x86_64.manylinux2014_x86_64.whl", hash = "sha256:675d61ffbfa78604709862923189bad94014bef562cc35cf61d3a07bba02a7ed", size = 17950613, upload-time = "2024-02-05T23:56:56.054Z" },
    { url = "https://files.pythonhosted.org/packages/4c/0c/9c603826b6465e82591e05ca230dfc13376da512b25ccd0894709b054ed0/numpy-1.26.4-cp312-cp312-musllinux_1_1_aarch64.whl", hash = "sha256:ab47dbe5cc8210f55aa58e4805fe224dac469cde56b9f731a4c098b91917159a", size = 13572172, upload-time = "2024-02-05T23:57:21.56Z" },
    { url = "https://files.pythonhosted.org/packages/76/8c/2ba3902e1a0fc1c74962ea9bb33a534bb05984ad7ff9515bf8d07527cadd/numpy-1.26.4-cp312-cp312-musllinux_1_1_x86_64.whl", hash = "sha256:1dda2e7b4ec9dd512f84935c5f126c8bd8b9f2fc001e9f54af255e8c5f16b0e0", size = 17786643, upload-time = "2024-02-05T23:57:56.585Z" },
    { url = "https://files.pythonhosted.org/packages/28/4a/46d9e65106879492374999e76eb85f87b15328e06bd1550668f79f7b18c6/numpy-1.26.4-cp312-cp312-win32.whl", hash = "sha256:50193e430acfc1346175fcbdaa28ffec49947a06918b7b92130744e81e640110", size = 5677803, upload-time = "2024-02-05T23:58:08.963Z" },
    { url = "https://files.pythonhosted.org/packages/16/2e/86f24451c2d530c88daf997cb8d6ac622c1d40d19f5a031ed68a4b73a374/numpy-1.26.4-cp312-cp312-win_amd64.whl", hash = "sha256:08beddf13648eb95f8d867350f6a018a4be2e5ad54c8d8caed89ebca558b2818", size = 15517754, upload-time = "2024-02-05T23:58:36.364Z" },
]

[[package]]
name = "packaging"
version = "26.3"
source = { registry = "https://pypi.org/simple" }
sdist = { url = "https://files.pythonhosted.org/packages/7d/fa/3944b40b07da9ce895c0e6303a5ab7d53da063554f534556b134a54d6093/packaging-26.3.tar.gz", hash = "sha256:94edc256424af38762eb31306eed28beb9f0efc50a8837492c9d6fd6004aed79", size = 313412, upload-time = "2026-08-04T18:15:28.737Z" }
wheels = [
    { url = "https://files.pythonhosted.org/packages/63/34/ba1c580383c9eada3711951fef0795c80b829a078d72188184bcab9dd527/packaging-26.3-py3-none-any.whl", hash = "sha256:d7193f7c8e4e93f444fde0262bf90af30e16fa0ad0ad44cb553c87339b23cd1c", size = 129956, upload-time = "2026-08-04T18:15:27.159Z" },
]

[[package]]
name = "pluggy"
version = "1.6.0"
source = { registry = "https://pypi.org/simple" }
sdist = { url = "https://files.pythonhosted.org/packages/f9/e2/3e91f31a7d2b083fe6ef3fa267035b518369d9511ffab804f839851d2779/pluggy-1.6.0.tar.gz", hash = "sha256:7dcc130b76258d33b90f61b658791dede3486c3e6bfb003ee5c9bfb396dd22f3", size = 69412, upload-time = "2025-05-15T12:30:07.975Z" }
wheels = [
    { url = "https://files.pythonhosted.org/packages/54/20/4d324d65cc6d9205fabedc306948156824eb9f0ee1633355a8f7ec5c66bf/pluggy-1.6.0-py3-none-any.whl", hash = "sha256:e920276dd6813095e9377c0bc5566d94c932c33b27a3e3945d8389c374dd4746", size = 20538, upload-time = "2025-05-15T12:30:06.134Z" },
]

[[package]]
name = "pygments"
version = "2.20.0"
source = { registry = "https://pypi.org/simple" }
sdist = { url = "https://files.pythonhosted.org/packages/c3/b2/bc9c9196916376152d655522fdcebac55e66de6603a76a02bca1b6414f6c/pygments-2.20.0.tar.gz", hash = "sha256:6757cd03768053ff99f3039c1a36d6c0aa0b263438fcab17520b30a303a82b5f", size = 4955991, upload-time = "2026-03-29T13:29:33.898Z" }
wheels = [
    { url = "https://files.pythonhosted.org/packages/f4/7e/a72dd26f3b0f4f2bf1dd8923c85f7ceb43172af56d63c7383eb62b332364/pygments-2.20.0-py3-none-any.whl", hash = "sha256:81a9e26dd42fd28a23a2d169d86d7ac03b46e2f8b59ed4698fb4785f946d0176", size = 1231151, upload-time = "2026-03-29T13:29:30.038Z" },
]

[[package]]
name = "pymol-open-source"
version = "3.1.0.4+4"
source = { editable = "." }
dependencies = [
    { name = "numpy" },
    { name = "pymol-open-source-whl" },
    { name = "pyqt5" },
    { name = "pyqt5-qt5" },
    { name = "pyqt5-sip" },
]

[package.dev-dependencies]
build = [
    { name = "uv" },
]
test = [
    { name = "pytest" },
]

[package.metadata]
requires-dist = [
    { name = "numpy", specifier = "==1.26.4" },
    { name = "pymol-open-source-whl", specifier = "==3.1.0.4" },
    { name = "pyqt5", specifier = "==5.15.11" },
    { name = "pyqt5-qt5", specifier = "==5.15.2" },
    { name = "pyqt5-sip", specifier = "==12.17.0" },
]

[package.metadata.requires-dev]
build = [{ name = "uv" }]
test = [{ name = "pytest" }]

[[package]]
name = "pymol-open-source-whl"
version = "3.1.0.4"
source = { registry = "https://pypi.org/simple" }
dependencies = [
    { name = "numpy" },
]
wheels = [
    { url = "https://files.pythonhosted.org/packages/97/1f/77b894e9afda9197c6b138feb0299539fd7a6f5cb1ad1527905a4333874f/pymol_open_source_whl-3.1.0.4-cp311-cp311-macosx_12_0_arm64.whl", hash = "sha256:99f8637d17769b77a05b71493baa9eb17c0fa8491e45e1ee660b6f6e30c3ac0c", size = 10022470, upload-time = "2025-03-28T16:12:20.711Z" },
    { url = "https://files.pythonhosted.org/packages/94/e0/9b21156628a4d01561cab93378c9b990dd4e18839ea364b864737d961033/pymol_open_source_whl-3.1.0.4-cp311-cp311-macosx_12_0_x86_64.whl", hash = "sha256:97f42b47101afe8e41db737a21942a62fa4b8706f06bf934374e7ed119f908a1", size = 10653631, upload-time = "2025-03-28T16:12:24.607Z" },
    { url = "https://files.pythonhosted.org/packages/d0/6d/8cd1aafa4b56f9d6794a1ea166baaa08fcdba1ab69bab60fc5e524170e44/pymol_open_source_whl-3.1.0.4-cp311-cp311-manylinux_2_28_x86_64.whl", hash = "sha256:4cfeaf765f1bb53949be13ff7f2cc1b70bc953b24f34d44417197ea3d8be01e0", size = 14366448, upload-time = "2025-03-28T16:12:28.902Z" },
    { url = "https://files.pythonhosted.org/packages/59/a4/fba8afb56ba2a6a586e681ad1595e402a8149209a60a2675909f8802f0a2/pymol_open_source_whl-3.1.0.4-cp311-cp311-win32.whl", hash = "sha256:9215cb4b217883acf14434ce1e26ceb4365239785018829b3a844532cad648d4", size = 8582529, upload-time = "2025-03-28T16:12:32.22Z" },
    { url = "https://files.pythonhosted.org/packages/89/ad/b4b5614eb48f00989a1ac67ea0beb8154eef0eba19872245b15819086668/pymol_open_source_whl-3.1.0.4-cp311-cp311-win_amd64.whl", hash = "sha256:fff726b356696bbb3ca431633ccc4a9ae60178353ef84d84da2d0845fc9071e7", size = 9040539, upload-time = "2025-03-28T16:12:35.484Z" },
    { url = "https://files.pythonhosted.org/packages/3d/97/3d3c64fbb289351f84d54a589157e911a2f70fbf1a25ef80bd873a51d077/pymol_open_source_whl-3.1.0.4-cp312-cp312-macosx_12_0_arm64.whl", hash = "sha256:35d311edbc12abe6c9d5a39d6cb2d8ceab2c3ada654d7c40816fa8b5a9206e09", size = 10022442, upload-time = "2025-03-28T16:12:39.301Z" },
    { url = "https://files.pythonhosted.org/packages/29/d1/ee4de42bd740465b780f2a0a0da250f427815c2478785bbe8922192bcb64/pymol_open_source_whl-3.1.0.4-cp312-cp312-macosx_12_0_x86_64.whl", hash = "sha256:f225482fc6caee6445c3f191d6189e15dc39529932370a5319d1f9c927dd38f6", size = 10655963, upload-time = "2025-03-28T16:12:42.874Z" },
    { url = "https://files.pythonhosted.org/packages/0a/18/489b360704c4278ff5b42928d564556dfca887054891da278c297470493c/pymol_open_source_whl-3.1.0.4-cp312-cp312-manylinux_2_28_x86_64.whl", hash = "sha256:09b6bc127f0e68fbd94f1093a0ace3ef8a3b444bde9dce2d34a659fa21f33bc3", size = 14367607, upload-time = "2025-03-28T16:12:47.791Z" },
    { url = "https://files.pythonhosted.org/packages/bb/87/8f3b5330daf276dc9fbf6f03b233d2c4f51169268d7e361faffaa3c2a0de/pymol_open_source_whl-3.1.0.4-cp312-cp312-win32.whl", hash = "sha256:8e56204b81c2b3608676e7f8290b07fb057d57a924b1dc19607afe521827d7a3", size = 8584736, upload-time = "2025-03-28T16:12:50.994Z" },
    { url = "https://files.pythonhosted.org/packages/7e/a4/55af22464b2fb8603347d8e0b8c6efa1cb200521f3b982b8dc2b1e879eb6/pymol_open_source_whl-3.1.0.4-cp312-cp312-win_amd64.whl", hash = "sha256:4f953642716df722013c5b7eaeba6b7cd1f693f014ae5d1a7bf282f62c4d717a", size = 9041343, upload-time = "2025-03-28T16:12:54.139Z" },
]

[[package]]
name = "pyqt5"
version = "5.15.11"
source = { registry = "https://pypi.org/simple" }
dependencies = [
    { name = "pyqt5-qt5" },
    { name = "pyqt5-sip" },
]
sdist = { url = "https://files.pythonhosted.org/packages/0e/07/c9ed0bd428df6f87183fca565a79fee19fa7c88c7f00a7f011ab4379e77a/PyQt5-5.15.11.tar.gz", hash = "sha256:fda45743ebb4a27b4b1a51c6d8ef455c4c1b5d610c90d2934c7802b5c1557c52", size = 3216775, upload-time = "2024-07-19T08:39:57.756Z" }
wheels = [
    { url = "https://files.pythonhosted.org/packages/11/64/42ec1b0bd72d87f87bde6ceb6869f444d91a2d601f2e67cd05febc0346a1/PyQt5-5.15.11-cp38-abi3-macosx_11_0_arm64.whl", hash = "sha256:c8b03dd9380bb13c804f0bdb0f4956067f281785b5e12303d529f0462f9afdc2", size = 6579776, upload-time = "2024-07-19T08:39:19.775Z" },
    { url = "https://files.pythonhosted.org/packages/49/f5/3fb696f4683ea45d68b7e77302eff173493ac81e43d63adb60fa760b9f91/PyQt5-5.15.11-cp38-abi3-macosx_11_0_x86_64.whl", hash = "sha256:6cd75628f6e732b1ffcfe709ab833a0716c0445d7aec8046a48d5843352becb6", size = 7016415, upload-time = "2024-07-19T08:39:32.977Z" },
    { url = "https://files.pythonhosted.org/packages/b4/8c/4065950f9d013c4b2e588fe33cf04e564c2322842d84dbcbce5ba1dc28b0/PyQt5-5.15.11-cp38-abi3-manylinux_2_17_x86_64.whl", hash = "sha256:cd672a6738d1ae33ef7d9efa8e6cb0a1525ecf53ec86da80a9e1b6ec38c8d0f1", size = 8188103, upload-time = "2024-07-19T08:39:40.561Z" },
    { url = "https://files.pythonhosted.org/packages/f3/f0/ae5a5b4f9b826b29ea4be841b2f2d951bcf5ae1d802f3732b145b57c5355/PyQt5-5.15.11-cp38-abi3-win32.whl", hash = "sha256:76be0322ceda5deecd1708a8d628e698089a1cea80d1a49d242a6d579a40babd", size = 5433308, upload-time = "2024-07-19T08:39:46.932Z" },
    { url = "https://files.pythonhosted.org/packages/56/d5/68eb9f3d19ce65df01b6c7b7a577ad3bbc9ab3a5dd3491a4756e71838ec9/PyQt5-5.15.11-cp38-abi3-win_amd64.whl", hash = "sha256:bdde598a3bb95022131a5c9ea62e0a96bd6fb28932cc1619fd7ba211531b7517", size = 6865864, upload-time = "2024-07-19T08:39:53.572Z" },
]

[[package]]
name = "pyqt5-qt5"
version = "5.15.2"
source = { registry = "https://pypi.org/simple" }
wheels = [
    { url = "https://files.pythonhosted.org/packages/62/09/99a222b0360616250fb2e6003a54e43a2a06b0774f0f8d5daafb86a2c375/PyQt5_Qt5-5.15.2-py3-none-macosx_10_13_intel.whl", hash = "sha256:76980cd3d7ae87e3c7a33bfebfaee84448fd650bad6840471d6cae199b56e154", size = 40546019, upload-time = "2021-03-10T13:52:47.763Z" },
    { url = "https://files.pythonhosted.org/packages/83/d4/241a6a518d0bcf0a9fcdcbad5edfed18d43e884317eab8d5230a2b27e206/PyQt5_Qt5-5.15.2-py3-none-manylinux2014_x86_64.whl", hash = "sha256:1988f364ec8caf87a6ee5d5a3a5210d57539988bf8e84714c7d60972692e2f4a", size = 59921716, upload-time = "2021-03-10T13:57:39.485Z" },
    { url = "https://files.pythonhosted.org/packages/1c/7e/ce7c66a541a105fa98b41d6405fe84940564695e29fc7dccf6d9e8c5f898/PyQt5_Qt5-5.15.2-py3-none-win32.whl", hash = "sha256:9cc7a768b1921f4b982ebc00a318ccb38578e44e45316c7a4a850e953e1dd327", size = 43447358, upload-time = "2021-03-10T14:01:17.827Z" },
    { url = "https://files.pythonhosted.org/packages/37/97/5d3b222b924fa2ed4c2488925155cd0b03fd5d09ee1cfcf7c553c11c9f66/PyQt5_Qt5-5.15.2-py3-none-win_amd64.whl", hash = "sha256:750b78e4dba6bdf1607febedc08738e318ea09e9b10aea9ff0d73073f11f6962", size = 50075158, upload-time = "2021-03-10T14:05:20.868Z" },
]

[[package]]
name = "pyqt5-sip"
version = "12.17.0"
source = { registry = "https://pypi.org/simple" }
sdist = { url = "https://files.pythonhosted.org/packages/01/79/086b50414bafa71df494398ad277d72e58229a3d1c1b1c766d12b14c2e6d/pyqt5_sip-12.17.0.tar.gz", hash = "sha256:682dadcdbd2239af9fdc0c0628e2776b820e128bec88b49b8d692fe682f90b4f", size = 104042, upload-time = "2025-02-02T17:13:11.268Z" }
wheels = [
    { url = "https://files.pythonhosted.org/packages/52/fd/7d6e3deca5ce37413956faf4e933ce6beb87ac0cc7b26d934b5ed998f88a/PyQt5_sip-12.17.0-cp311-cp311-macosx_10_9_universal2.whl", hash = "sha256:2c912807dd638644168ea8c7a447bfd9d85a19471b98c2c588c4d2e911c09b0a", size = 122748, upload-time = "2025-02-02T17:12:43.831Z" },
    { url = "https://files.pythonhosted.org/packages/29/4d/e5981cde03b091fd83a1ef4ef6a4ca99ce6921d61b80c0222fc8eafdc99a/PyQt5_sip-12.17.0-cp311-cp311-manylinux_2_5_x86_64.manylinux1_x86_64.whl", hash = "sha256:71514a7d43b44faa1d65a74ad2c5da92c03a251bdc749f009c313f06cceacc9a", size = 276401, upload-time = "2025-02-02T17:12:45.705Z" },
    { url = "https://files.pythonhosted.org/packages/5f/30/4c282896b1e8841639cf2aca59acf57d8b261ed834ae976c959f25fa4a35/PyQt5_sip-12.17.0-cp311-cp311-win32.whl", hash = "sha256:023466ae96f72fbb8419b44c3f97475de6642fa5632520d0f50fc1a52a3e8200", size = 49091, upload-time = "2025-02-02T17:12:47.688Z" },
    { url = "https://files.pythonhosted.org/packages/24/c1/50fc7301aa39a50f451fc1b6b219e778c540a823fe9533a57b4793c859fd/PyQt5_sip-12.17.0-cp311-cp311-win_amd64.whl", hash = "sha256:fb565469d08dcb0a427def0c45e722323beb62db79454260482b6948bfd52d47", size = 59036, upload-time = "2025-02-02T17:12:49.535Z" },
    { url = "https://files.pythonhosted.org/packages/a3/e6/e51367c28d69b5a462f38987f6024e766fd8205f121fe2f4d8ba2a6886b9/PyQt5_sip-12.17.0-cp312-cp312-macosx_10_9_universal2.whl", hash = "sha256:ea08341c8a5da00c81df0d689ecd4ee47a95e1ecad9e362581c92513f2068005", size = 124650, upload-time = "2025-02-02T17:12:50.595Z" },
    { url = "https://files.pythonhosted.org/packages/64/3b/e6d1f772b41d8445d6faf86cc9da65910484ebd9f7df83abc5d4955437d0/PyQt5_sip-12.17.0-cp312-cp312-manylinux_2_5_x86_64.manylinux1_x86_64.whl", hash = "sha256:4a92478d6808040fbe614bb61500fbb3f19f72714b99369ec28d26a7e3494115", size = 281893, upload-time = "2025-02-02T17:12:51.966Z" },
    { url = "https://files.pythonhosted.org/packages/ed/c5/d17fc2ddb9156a593710c88afd98abcf4055a2224b772f8bec2c6eea879c/PyQt5_sip-12.17.0-cp312-cp312-win32.whl", hash = "sha256:b0ff280b28813e9bfd3a4de99490739fc29b776dc48f1c849caca7239a10fc8b", size = 49438, upload-time = "2025-02-02T17:12:54.426Z" },
    { url = "https://files.pythonhosted.org/packages/fe/c5/1174988d52c732d07033cf9a5067142b01d76be7731c6394a64d5c3ef65c/PyQt5_sip-12.17.0-cp312-cp312-win_amd64.whl", hash = "sha256:54c31de7706d8a9a8c0fc3ea2c70468aba54b027d4974803f8eace9c22aad41c", size = 58017, upload-time = "2025-02-02T17:12:56.31Z" },
    { url = "https://files.pythonhosted.org/packages/fd/5d/f234e505af1a85189310521447ebc6052ebb697efded850d0f2b2555f7aa/PyQt5_sip-12.17.0-cp313-cp313-macosx_10_13_universal2.whl", hash = "sha256:c7a7ff355e369616b6bcb41d45b742327c104b2bf1674ec79b8d67f8f2fa9543", size = 124580, upload-time = "2025-02-02T17:12:58.158Z" },
    { url = "https://files.pythonhosted.org/packages/cd/cb/3b2050e9644d0021bdf25ddf7e4c3526e1edd0198879e76ba308e5d44faf/PyQt5_sip-12.17.0-cp313-cp313-manylinux_2_5_x86_64.manylinux1_x86_64.whl", hash = "sha256:419b9027e92b0b707632c370cfc6dc1f3b43c6313242fc4db57a537029bd179c", size = 281563, upload-time = "2025-02-02T17:12:59.421Z" },
    { url = "https://files.pythonhosted.org/packages/51/61/b8ebde7e0b32d0de44c521a0ace31439885b0423d7d45d010a2f7d92808c/PyQt5_sip-12.17.0-cp313-cp313-win32.whl", hash = "sha256:351beab964a19f5671b2a3e816ecf4d3543a99a7e0650f88a947fea251a7589f", size = 49383, upload-time = "2025-02-02T17:13:00.597Z" },
    { url = "https://files.pythonhosted.org/packages/15/ed/ff94d6b2910e7627380cb1fc9a518ff966e6d78285c8e54c9422b68305db/PyQt5_sip-12.17.0-cp313-cp313-win_amd64.whl", hash = "sha256:672c209d05661fab8e17607c193bf43991d268a1eefbc2c4551fbf30fd8bb2ca", size = 58022, upload-time = "2025-02-02T17:13:01.738Z" },
]

[[package]]
name = "pytest"
version = "9.1.1"
source = { registry = "https://pypi.org/simple" }
dependencies = [
    { name = "colorama", marker = "sys_platform == 'win32'" },
    { name = "iniconfig" },
    { name = "packaging" },
    { name = "pluggy" },
    { name = "pygments" },
]
sdist = { url = "https://files.pythonhosted.org/packages/e4/47/b9efed96c114afcfa3c9d3fe98a76a1d14c74a9e266d397cf6eb64be5e01/pytest-9.1.1.tar.gz", hash = "sha256:1088fbde8f2b49d95a549a195707afa7a76a3ce9bcadc26b6d71f0ffda5fe313", size = 1636369, upload-time = "2026-06-19T10:58:32.857Z" }
wheels = [
    { url = "https://files.pythonhosted.org/packages/24/25/1de2678b631f5a49215c6c96fff41ba892b0a34df68d6d80292b1b48aa7f/pytest-9.1.1-py3-none-any.whl", hash = "sha256:37a86b45efb9a47a61a36449063e8e18d0cab3161329fc099eb21783169c4f0c", size = 386536, upload-time = "2026-06-19T10:58:31.347Z" },
]

[[package]]
name = "uv"
version = "0.12.3"
source = { registry = "https://pypi.org/simple" }
sdist = { url = "https://files.pythonhosted.org/packages/3c/fa/19a665278931fca142cf1c21927b18b36cffb5fd137bf5228f937a977f84/uv-0.12.3.tar.gz", hash = "sha256:1eb3fea456aea47489d92e10451c9129b7dd9fd8854c4eb17020ba68489d5d9a", size = 5877698, upload-time = "2026-08-07T16:33:32.486Z" }
wheels = [
    { url = "https://files.pythonhosted.org/packages/0e/b1/eabb1f57339a63630a9b195f8bcdbcca101f4f5cbc5556e6f592d6049d80/uv-0.12.3-py3-none-linux_armv6l.whl", hash = "sha256:0c0561cd369002a5968e138ea477e86507a337b3ede44f441c90d85ed2f54714", size = 21777249, upload-time = "2026-08-07T16:32:18.631Z" },
    { url = "https://files.pythonhosted.org/packages/ed/52/7d23602e140bdd5bb25ffa8bf3943a86688e8cd558a9894dfbb83728e943/uv-0.12.3-py3-none-macosx_10_12_x86_64.whl", hash = "sha256:0550669163cc67d5a7dc8e1702bc011e4a075a4ae52ad50891be654fc6635e0d", size = 20081726, upload-time = "2026-08-07T16:32:23.182Z" },
    { url = "https://files.pythonhosted.org/packages/e4/66/ba257c91d69921d773f523c9e4c3ffb04e233694c415517f5ef797403a4f/uv-0.12.3-py3-none-macosx_11_0_arm64.whl", hash = "sha256:7c99f2524fe4b11d74dec85cef9b4d8b725d142dec04cd237f1c06fbdae1ee54", size = 18426262, upload-time = "2026-08-07T16:32:27.55Z" },
    { url = "https://files.pythonhosted.org/packages/c4/e4/7e93226f4f33c3cc25dc942056f46be9c48e846338f8644a700123726dc8/uv-0.12.3-py3-none-manylinux_2_17_aarch64.manylinux2014_aarch64.musllinux_1_1_aarch64.whl", hash = "sha256:ac21bea426ddf95fa76d8dc1f67350faed7b4a81951825cf2aaef99fc4144815", size = 21156889, upload-time = "2026-08-07T16:32:31.447Z" },
    { url = "https://files.pythonhosted.org/packages/bd/b7/2504476931b7102cc6bfec5289efefe1279fe03964cb8ad7113691372605/uv-0.12.3-py3-none-manylinux_2_17_armv7l.manylinux2014_armv7l.musllinux_1_1_armv7l.whl", hash = "sha256:1e569258e17a536c1bd90a68935dc8250b0ecc81ba80efd814ed169c33de0f93", size = 21319192, upload-time = "2026-08-07T16:32:35.638Z" },
    { url = "https://files.pythonhosted.org/packages/e3/83/e9a93bf4d737bf00d7fa4e2a82ed0ed23bc30d44262127f5f8b9a4dd9150/uv-0.12.3-py3-none-manylinux_2_17_armv7l.manylinux2014_armv7l.whl", hash = "sha256:6c8e5a2d2ce4ea511293f919357c427dab0f12104ebfdd6602727f5c38958c22", size = 21334826, upload-time = "2026-08-07T16:32:40.034Z" },
    { url = "https://files.pythonhosted.org/packages/5a/ef/19215f66a02451ca2698062e98690d5f2a7e65574104ba04c188c4b59c70/uv-0.12.3-py3-none-manylinux_2_17_i686.manylinux2014_i686.whl", hash = "sha256:115e96e176fa3525ffb999572ec6041b915f15189403613ccefcc1f128f0ea0c", size = 22014926, upload-time = "2026-08-07T16:32:44.159Z" },
    { url = "https://files.pythonhosted.org/packages/7c/a3/38526a97a5d376c59955025e54740ae35a4c7d8d80c6dfbee13fae588964/uv-0.12.3-py3-none-manylinux_2_17_ppc64le.manylinux2014_ppc64le.whl", hash = "sha256:913dc068e906f459df892cac789e6e9e10ac9d6af0bbb3c36fcc09347b0c986c", size = 23248637, upload-time = "2026-08-07T16:32:48.342Z" },
    { url = "https://files.pythonhosted.org/packages/38/63/a7a98d075383669b6a3ff4ca410cb9c18b6d0921df1c524bd0859a8474fe/uv-0.12.3-py3-none-manylinux_2_17_s390x.manylinux2014_s390x.whl", hash = "sha256:77fa7f501baa7c4d097b0c424914d7924db8e54f882c4f40056228ecf56feb98", size = 22929428, upload-time = "2026-08-07T16:32:52.452Z" },
    { url = "https://files.pythonhosted.org/packages/8d/c4/97fdd4fca11d06633bb500849f70e4e6b201bcba3833894732e709be2d60/uv-0.12.3-py3-none-manylinux_2_17_x86_64.manylinux2014_x86_64.whl", hash = "sha256:1482d1462b1aecd18ee33627363fe1c63d6a194f12d40d37efc446d9e0d800a1", size = 22346263, upload-time = "2026-08-07T16:32:56.563Z" },
    { url = "https://files.pythonhosted.org/packages/c4/46/ab0906c8c3b6eeaf2412ab5af6077a38930db90e2c99c1b82e066f240a81/uv-0.12.3-py3-none-manylinux_2_28_aarch64.whl", hash = "sha256:248b6b282f96f98d79dddecd1b2acd1893efd84667321f26703feffff6433211", size = 21288225, upload-time = "2026-08-07T16:33:00.578Z" },
    { url = "https://files.pythonhosted.org/packages/2e/0f/f40530b0b336212fff1bc50887d263a9f03d8859e6c1c5210e11d104df10/uv-0.12.3-py3-none-manylinux_2_31_riscv64.musllinux_1_1_riscv64.whl", hash = "sha256:9201c7a1edadb07f64b695f17eac9db2d264eeb4b888c195aa11e7908d0ebf41", size = 21981757, upload-time = "2026-08-07T16:33:05.101Z" },
    { url = "https://files.pythonhosted.org/packages/0a/cf/240a3bebd15be490f867e155aa59522889d8d6310985421902f87d1fad99/uv-0.12.3-py3-none-manylinux_2_31_riscv64.whl", hash = "sha256:6114afd294411995a761c4cde0b721d550ff6d2fc2312046e8403eca6adacda5", size = 22117547, upload-time = "2026-08-07T16:33:09.124Z" },
    { url = "https://files.pythonhosted.org/packages/2f/da/fb143759f86b260f20634e11a27b9312eb6ff9c43c6756102e82875cd82d/uv-0.12.3-py3-none-musllinux_1_1_i686.whl", hash = "sha256:ba034f32abf966a101cf2434455faaf8d54dfacfff0d4b4c70d673f36e985728", size = 21255639, upload-time = "2026-08-07T16:33:13.38Z" },
    { url = "https://files.pythonhosted.org/packages/91/40/c1e0b626919792bf66847429d0c0bbf580a5f148a37268c10d9132f4871a/uv-0.12.3-py3-none-musllinux_1_1_x86_64.whl", hash = "sha256:13535c7d40faa7821c3763f5b6c605eef8556ea16277dc1a07a21203fd3c19e4", size = 22560342, upload-time = "2026-08-07T16:33:17.484Z" },
    { url = "https://files.pythonhosted.org/packages/fa/bf/246d088b4baf0239c8a06afa0ce155ce460942d08a9ac505fac5d0f99fe1/uv-0.12.3-py3-none-win32.whl", hash = "sha256:67b639a56dd36193b55a3bcea10f9dffcab37ed3c1eb26e964e52896df0bb205", size = 19420018, upload-time = "2026-08-07T16:33:21.544Z" },
    { url = "https://files.pythonhosted.org/packages/59/ed/3f816f972357578f1a21afdff8af9c93e87416afd0e150fc60be7eb280ab/uv-0.12.3-py3-none-win_amd64.whl", hash = "sha256:aeafd6e02b9a8d8beb447040bfc57ab172bdf244208f7147b4f7bbc327135797", size = 20215028, upload-time = "2026-08-07T16:33:25.751Z" },
    { url = "https://files.pythonhosted.org/packages/ff/63/0b08bf418b4d00e911465ad24a5f09040cc51247c362ffe56f859173e99f/uv-0.12.3-py3-none-win_arm64.whl", hash = "sha256:59121ef7217567adf4af41f7d3b04e42abb0c6a11bc87c930b838f9354f9c651", size = 19120228, upload-time = "2026-08-07T16:33:29.609Z" },
]
